// !$*UTF8*$!
{
	archiveVersion = 1;
	classes = {
	};
	objectVersion = 46;
	objects = {

/* Begin PBXBuildFile section */
		147FDDA81EEC8FEB00B21379 /* AppDelegate.swift in Sources */ = {isa = PBXBuildFile; fileRef = 147FDDA71EEC8FEB00B21379 /* AppDelegate.swift */; };
		147FDDAA1EEC8FEB00B21379 /* ViewController.swift in Sources */ = {isa = PBXBuildFile; fileRef = 147FDDA91EEC8FEB00B21379 /* ViewController.swift */; };
		147FDDAC1EEC8FEB00B21379 /* Assets.xcassets in Resources */ = {isa = PBXBuildFile; fileRef = 147FDDAB1EEC8FEB00B21379 /* Assets.xcassets */; };
		147FDDAF1EEC8FEB00B21379 /* Main.storyboard in Resources */ = {isa = PBXBuildFile; fileRef = 147FDDAD1EEC8FEB00B21379 /* Main.storyboard */; };
/* End PBXBuildFile section */

/* Begin PBXFileReference section */
		147FDDA41EEC8FEB00B21379 /* bad-menu-volume.app */ = {isa = PBXFileReference; explicitFileType = wrapper.application; includeInIndex = 0; path = "bad-menu-volume.app"; sourceTree = BUILT_PRODUCTS_DIR; };
		147FDDA71EEC8FEB00B21379 /* AppDelegate.swift */ = {isa = PBXFileReference; lastKnownFileType = sourcecode.swift; path = AppDelegate.swift; sourceTree = "<group>"; };
		147FDDA91EEC8FEB00B21379 /* ViewController.swift */ = {isa = PBXFileReference; lastKnownFileType = sourcecode.swift; path = ViewController.swift; sourceTree = "<group>"; };
		147FDDAB1EEC8FEB00B21379 /* Assets.xcassets */ = {isa = PBXFileReference; lastKnownFileType = folder.assetcatalog; path = Assets.xcassets; sourceTree = "<group>"; };
		147FDDAE1EEC8FEB00B21379 /* Base */ = {isa = PBXFileReference; lastKnownFileType = file.storyboard; name = Base; path = Base.lproj/Main.storyboard; sourceTree = "<group>"; };
		147FDDB01EEC8FEB00B21379 /* Info.plist */ = {isa = PBXFileReference; lastKnownFileType = text.plist.xml; path = Info.plist; sourceTree = "<group>"; };
/* End PBXFileReference section */

/* Begin PBXFrameworksBuildPhase section */
		147FDDA11EEC8FEB00B21379 /* Frameworks */ = {
			isa = PBXFrameworksBuildPhase;
			buildActionMask = 2147483647;
			files = (
			);
			runOnlyForDeploymentPostprocessing = 0;
		};
/* End PBXFrameworksBuildPhase section */

/* Begin PBXGroup section */
		147FDD9B1EEC8FEB00B21379 = {
			isa = PBXGroup;
			children = (
				147FDDA61EEC8FEB00B21379 /* bad-menu-volume */,
				147FDDA51EEC8FEB00B21379 /* Products */,
			);
			sourceTree = "<group>";
		};
		147FDDA51EEC8FEB00B21379 /* Products */ = {
			isa = PBXGroup;
			children = (
				147FDDA41EEC8FEB00B21379 /* bad-menu-volume.app */,
			);
			name = Products;
			sourceTree = "<group>";
		};
		147FDDA61EEC8FEB00B21379 /* bad-menu-volume */ = {
			isa = PBXGroup;
			children = (
				147FDDA71EEC8FEB00B21379 /* AppDelegate.swift */,
				147FDDA91EEC8FEB00B21379 /* ViewController.swift */,
				147FDDAB1EEC8FEB00B21379 /* Assets.xcassets */,
				147FDDAD1EEC8FEB00B21379 /* Main.storyboard */,
				147FDDB01EEC8FEB00B21379 /* Info.plist */,
			);
			path = "bad-menu-volume";
			sourceTree = "<group>";
		};
/* End PBXGroup section */

/* Begin PBXNativeTarget section */
		147FDDA31EEC8FEB00B21379 /* bad-menu-volume */ = {
			isa = PBXNativeTarget;
			buildConfigurationList = 147FDDB31EEC8FEB00B21379 /* Build configuration list for PBXNativeTarget "bad-menu-volume" */;
			buildPhases = (
				147FDDA01EEC8FEB00B21379 /* Sources */,
				147FDDA11EEC8FEB00B21379 /* Frameworks */,
				147FDDA21EEC8FEB00B21379 /* Resources */,
			);
			buildRules = (
			);
			dependencies = (
			);
			name = "bad-menu-volume";
			productName = "bad-menu-volume";
			productReference = 147FDDA41EEC8FEB00B21379 /* bad-menu-volume.app */;
			productType = "com.apple.product-type.application";
		};
/* End PBXNativeTarget section */

/* Begin PBXProject section */
		147FDD9C1EEC8FEB00B21379 /* Project object */ = {
			isa = PBXProject;
			attributes = {
				LastSwiftUpdateCheck = 0830;
				LastUpgradeCheck = 0830;
				ORGANIZATIONNAME = catthoughts;
				TargetAttributes = {
					147FDDA31EEC8FEB00B21379 = {
						CreatedOnToolsVersion = 8.3.3;
						DevelopmentTeam = 3457AE227Q;
						ProvisioningStyle = Automatic;
					};
				};
			};
			buildConfigurationList = 147FDD9F1EEC8FEB00B21379 /* Build configuration list for PBXProject "bad-menu-volume" */;
			compatibilityVersion = "Xcode 3.2";
			developmentRegion = English;
			hasScannedForEncodings = 0;
			knownRegions = (
				en,
				Base,
			);
			mainGroup = 147FDD9B1EEC8FEB00B21379;
			productRefGroup = 147FDDA51EEC8FEB00B21379 /* Products */;
			projectDirPath = "";
			projectRoot = "";
			targets = (
				147FDDA31EEC8FEB00B21379 /* bad-menu-volume */,
			);
		};
/* End PBXProject section */

/* Begin PBXResourcesBuildPhase section */
		147FDDA21EEC8FEB00B21379 /* Resources */ = {
			isa = PBXResourcesBuildPhase;
			buildActionMask = 2147483647;
			files = (
				147FDDAC1EEC8FEB00B21379 /* Assets.xcassets in Resources */,
				147FDDAF1EEC8FEB00B21379 /* Main.storyboard in Resources */,
			);
			runOnlyForDeploymentPostprocessing = 0;
		};
/* End PBXResourcesBuildPhase section */

/* Begin PBXSourcesBuildPhase section */
		147FDDA01EEC8FEB00B21379 /* Sources */ = {
			isa = PBXSourcesBuildPhase;
			buildActionMask = 2147483647;
			files = (
				147FDDAA1EEC8FEB00B21379 /* ViewController.swift in Sources */,
				147FDDA81EEC8FEB00B21379 /* AppDelegate.swift in Sources */,
			);
			runOnlyForDeploymentPostprocessing = 0;
		};
/* End PBXSourcesBuildPhase section */

/* Begin PBXVariantGroup section */
		147FDDAD1EEC8FEB00B21379 /* Main.storyboard */ = {
			isa = PBXVariantGroup;
			children = (
				147FDDAE1EEC8FEB00B21379 /* Base */,
			);
			name = Main.storyboard;
			sourceTree = "<group>";
		};
/* End PBXVariantGroup section */

/* Begin XCBuildConfiguration section */
		147FDDB11EEC8FEB00B21379 /* Debug */ = {
			isa = XCBuildConfiguration;
			buildSettings = {
				ALWAYS_SEARCH_USER_PATHS = NO;
				CLANG_ANALYZER_NONNULL = YES;
				CLANG_ANALYZER_NUMBER_OBJECT_CONVERSION = YES_AGGRESSIVE;
				CLANG_CXX_LANGUAGE_STANDARD = "gnu++0x";
				CLANG_CXX_LIBRARY = "libc++";
				CLANG_ENABLE_MODULES = YES;
				CLANG_ENABLE_OBJC_ARC = YES;
				CLANG_WARN_BOOL_CONVERSION = YES;
				CLANG_WARN_CONSTANT_CONVERSION = YES;
				CLANG_WARN_DIRECT_OBJC_ISA_USAGE = YES_ERROR;
				CLANG_WARN_DOCUMENTATION_COMMENTS = YES;
				CLANG_WARN_EMPTY_BODY = YES;
				CLANG_WARN_ENUM_CONVERSION = YES;
				CLANG_WARN_INFINITE_RECURSION = YES;
				CLANG_WARN_INT_CONVERSION = YES;
				CLANG_WARN_OBJC_ROOT_CLASS = YES_ERROR;
				CLANG_WARN_SUSPICIOUS_MOVE = YES;
				CLANG_WARN_UNREACHABLE_CODE = YES;
				CLANG_WARN__DUPLICATE_METHOD_MATCH = YES;
				CODE_SIGN_IDENTITY = "-";
				COPY_PHASE_STRIP = NO;
				DEBUG_INFORMATION_FORMAT = dwarf;
				ENABLE_STRICT_OBJC_MSGSEND = YES;
				ENABLE_TESTABILITY = YES;
				GCC_C_LANGUAGE_STANDARD = gnu99;
				GCC_DYNAMIC_NO_PIC = NO;
				GCC_NO_COMMON_BLOCKS = YES;
				GCC_OPTIMIZATION_LEVEL = 0;
				GCC_PREPROCESSOR_DEFINITIONS = (
					"DEBUG=1",
					"$(inherited)",
				);
				GCC_WARN_64_TO_32_BIT_CONVERSION = YES;
				GCC_WARN_ABOUT_RETURN_TYPE = YES_ERROR;
				GCC_WARN_UNDECLARED_SELECTOR = YES;
				GCC_WARN_UNINITIALIZED_AUTOS = YES_AGGRESSIVE;
				GCC_WARN_UNUSED_FUNCTION = YES;
				GCC_WARN_UNUSED_VARIABLE = YES;
				MACOSX_DEPLOYMENT_TARGET = 10.12;
				MTL_ENABLE_DEBUG_INFO = YES;
				ONLY_ACTIVE_ARCH = YES;
				SDKROOT = macosx;
				SWIFT_ACTIVE_COMPILATION_CONDITIONS = DEBUG;
				SWIFT_OPTIMIZATION_LEVEL = "-Onone";
			};
			name = Debug;
		};
		147FDDB21EEC8FEB00B21379 /* Release */ = {
			isa = XCBuildConfiguration;
			buildSettings = {
				ALWAYS_SEARCH_USER_PATHS = NO;
				CLANG_ANALYZER_NONNULL = YES;
				CLANG_ANALYZER_NUMBER_OBJECT_CONVERSION = YES_AGGRESSIVE;
				CLANG_CXX_LANGUAGE_STANDARD = "gnu++0x";
				CLANG_CXX_LIBRARY = "libc++";
				CLANG_ENABLE_MODULES = YES;
				CLANG_ENABLE_OBJC_ARC = YES;
				CLANG_WARN_BOOL_CONVERSION = YES;
				CLANG_WARN_CONSTANT_CONVERSION = YES;
				CLANG_WARN_DIRECT_OBJC_ISA_USAGE = YES_ERROR;
				CLANG_WARN_DOCUMENTATION_COMMENTS = YES;
				CLANG_WARN_EMPTY_BODY = YES;
				CLANG_WARN_ENUM_CONVERSION = YES;
				CLANG_WARN_INFINITE_RECURSION = YES;
				CLANG_WARN_INT_CONVERSION = YES;
				CLANG_WARN_OBJC_ROOT_CLASS = YES_ERROR;
				CLANG_WARN_SUSPICIOUS_MOVE = YES;
				CLANG_WARN_UNREACHABLE_CODE = YES;
				CLANG_WARN__DUPLICATE_METHOD_MATCH = YES;
				CODE_SIGN_IDENTITY = "-";
				COPY_PHASE_STRIP = NO;
				DEBUG_INFORMATION_FORMAT = "dwarf-with-dsym";
				ENABLE_NS_ASSERTIONS = NO;
				ENABLE_STRICT_OBJC_MSGSEND = YES;
				GCC_C_LANGUAGE_STANDARD = gnu99;
				GCC_NO_COMMON_BLOCKS = YES;
				GCC_WARN_64_TO_32_BIT_CONVERSION = YES;
				GCC_WARN_ABOUT_RETURN_TYPE = YES_ERROR;
				GCC_WARN_UNDECLARED_SELECTOR = YES;
				GCC_WARN_UNINITIALIZED_AUTOS = YES_AGGRESSIVE;
				GCC_WARN_UNUSED_FUNCTION = YES;
				GCC_WARN_UNUSED_VARIABLE = YES;
				MACOSX_DEPLOYMENT_TARGET = 10.12;
				MTL_ENABLE_DEBUG_INFO = NO;
				SDKROOT = macosx;
				SWIFT_OPTIMIZATION_LEVEL = "-Owholemodule";
			};
			name = Release;
		};
		147FDDB41EEC8FEB00B21379 /* Debug */ = {
			isa = XCBuildConfiguration;
			buildSettings = {
				ASSETCATALOG_COMPILER_APPICON_NAME = AppIcon;
				CODE_SIGN_IDENTITY = "Mac Developer";
				COMBINE_HIDPI_IMAGES = YES;
				DEVELOPMENT_TEAM = 3457AE227Q;
				INFOPLIST_FILE = "bad-menu-volume/Info.plist";
				LD_RUNPATH_SEARCH_PATHS = "$(inherited) @executable_path/../Frameworks";
				PRODUCT_BUNDLE_IDENTIFIER = "com.catthoughts.bad-menu-volume";
				PRODUCT_NAME = "$(TARGET_NAME)";
				PROVISIONING_PROFILE_SPECIFIER = "";
				SWIFT_VERSION = 3.0;
			};
			name = Debug;
		};
		147FDDB51EEC8FEB00B21379 /* Release */ = {
			isa = XCBuildConfiguration;
			buildSettings = {
				ASSETCATALOG_COMPILER_APPICON_NAME = AppIcon;
				CODE_SIGN_IDENTITY = "Mac Developer";
				COMBINE_HIDPI_IMAGES = YES;
				DEVELOPMENT_TEAM = 3457AE227Q;
				INFOPLIST_FILE = "bad-menu-volume/Info.plist";
				LD_RUNPATH_SEARCH_PATHS = "$(inherited) @executable_path/../Frameworks";
				PRODUCT_BUNDLE_IDENTIFIER = "com.catthoughts.bad-menu-volume";
				PRODUCT_NAME = "$(TARGET_NAME)";
				PROVISIONING_PROFILE_SPECIFIER = "";
				SWIFT_VERSION = 3.0;
			};
			name = Release;
		};
/* End XCBuildConfiguration section */

/* Begin XCConfigurationList section */
		147FDD9F1EEC8FEB00B21379 /* Build configuration list for PBXProject "bad-menu-volume" */ = {
			isa = XCConfigurationList;
			buildConfigurations = (
				147FDDB11EEC8FEB00B21379 /* Debug */,
				147FDDB21EEC8FEB00B21379 /* Release */,
			);
			defaultConfigurationIsVisible = 0;
			defaultConfigurationName = Release;
		};
		147FDDB31EEC8FEB00B21379 /* Build configuration list for PBXNativeTarget "bad-menu-volume" */ = {
			isa = XCConfigurationList;
			buildConfigurations = (
				147FDDB41EEC8FEB00B21379 /* Debug */,
				147FDDB51EEC8FEB00B21379 /* Release */,
			);
			defaultConfigurationIsVisible = 0;
		};
/* End XCConfigurationList section */
	};
	rootObject = 147FDD9C1EEC8FEB00B21379 /* Project object */;
}
